
Microsoft Visual Studio Solution File, Format Version 12.00
# Visual Studio Version 17
VisualStudioVersion = 17.11.35303.130
MinimumVisualStudioVersion = 10.0.40219.1
Project("{9A19103F-16F7-4668-BE54-9A1E7A4F7556}") = "BlazorOAuth.Client", "BlazorOAuth.Client\BlazorOAuth.Client.csproj", "{44D2D676-CB75-4167-8FBD-05D28FD4E07B}"
EndProject
Project("{9A19103F-16F7-4668-BE54-9A1E7A4F7556}") = "BlazorOAuth.API", "BlazorOAuth.API\BlazorOAuth.API.csproj", "{212796DC-EF84-442F-8C73-C06B315D0538}"
EndProject
Global
	GlobalSection(SolutionConfigurationPlatforms) = preSolution
		Debug|Any CPU = Debug|Any CPU
		Release|Any CPU = Release|Any CPU
	EndGlobalSection
	GlobalSection(ProjectConfigurationPlatforms) = postSolution
		{44D2D676-CB75-4167-8FBD-05D28FD4E07B}.Debug|Any CPU.ActiveCfg = Debug|Any CPU
		{44D2D676-CB75-4167-8FBD-05D28FD4E07B}.Debug|Any CPU.Build.0 = Debug|Any CPU
		{44D2D676-CB75-4167-8FBD-05D28FD4E07B}.Release|Any CPU.ActiveCfg = Release|Any CPU
		{44D2D676-CB75-4167-8FBD-05D28FD4E07B}.Release|Any CPU.Build.0 = Release|Any CPU
		{212796DC-EF84-442F-8C73-C06B315D0538}.Debug|Any CPU.ActiveCfg = Debug|Any CPU
		{212796DC-EF84-442F-8C73-C06B315D0538}.Debug|Any CPU.Build.0 = Debug|Any CPU
		{212796DC-EF84-442F-8C73-C06B315D0538}.Release|Any CPU.ActiveCfg = Release|Any CPU
		{212796DC-EF84-442F-8C73-C06B315D0538}.Release|Any CPU.Build.0 = Release|Any CPU
	EndGlobalSection
	GlobalSection(SolutionProperties) = preSolution
		HideSolutionNode = FALSE
	EndGlobalSection
	GlobalSection(ExtensibilityGlobals) = postSolution
		SolutionGuid = {813A2710-A875-478A-A6C0-38AAC1E9240D}
	EndGlobalSection
EndGlobal
